// !$*UTF8*$!
{
	archiveVersion = 1;
	classes = {
	};
	objectVersion = 56;
	objects = {

/* Begin PBXBuildFile section */
		B51AF1FF2B284FCB0020DD3D /* ColorDetails.swift in Sources */ = {isa = PBXBuildFile; fileRef = B51AF1FE2B284FCB0020DD3D /* ColorDetails.swift */; };
		B51AF2012B284FEE0020DD3D /* StylingDefinition.swift in Sources */ = {isa = PBXBuildFile; fileRef = B51AF2002B284FEE0020DD3D /* StylingDefinition.swift */; };
		B51AF2032B28501E0020DD3D /* WorkspaceThumbnail.swift in Sources */ = {isa = PBXBuildFile; fileRef = B51AF2022B28501E0020DD3D /* WorkspaceThumbnail.swift */; };
		B51AF2052B28503F0020DD3D /* RichColorView.swift in Sources */ = {isa = PBXBuildFile; fileRef = B51AF2042B28503F0020DD3D /* RichColorView.swift */; };
		B51AF2072B2850870020DD3D /* FancyColorPicker.swift in Sources */ = {isa = PBXBuildFile; fileRef = B51AF2062B2850870020DD3D /* FancyColorPicker.swift */; };
		B51AF2092B2850B00020DD3D /* Text+Styling.swift in Sources */ = {isa = PBXBuildFile; fileRef = B51AF2082B2850B00020DD3D /* Text+Styling.swift */; };
		B51AF20B2B2850BF0020DD3D /* SectionHeader.swift in Sources */ = {isa = PBXBuildFile; fileRef = B51AF20A2B2850BF0020DD3D /* SectionHeader.swift */; };
		B51AF20D2B2850E90020DD3D /* Color+Common.swift in Sources */ = {isa = PBXBuildFile; fileRef = B51AF20C2B2850E90020DD3D /* Color+Common.swift */; };
		B51AF20F2B2851150020DD3D /* CraftSegmentedPicker.swift in Sources */ = {isa = PBXBuildFile; fileRef = B51AF20E2B2851150020DD3D /* CraftSegmentedPicker.swift */; };
		B51AF2112B2851390020DD3D /* CraftButtonStyle.swift in Sources */ = {isa = PBXBuildFile; fileRef = B51AF2102B2851390020DD3D /* CraftButtonStyle.swift */; };
		B51AF2132B28515A0020DD3D /* FontStyle.swift in Sources */ = {isa = PBXBuildFile; fileRef = B51AF2122B28515A0020DD3D /* FontStyle.swift */; };
		B51AF2152B2851760020DD3D /* View+Utils.swift in Sources */ = {isa = PBXBuildFile; fileRef = B51AF2142B2851760020DD3D /* View+Utils.swift */; };
		B51AF2172B2851C90020DD3D /* AttributesEditor.swift in Sources */ = {isa = PBXBuildFile; fileRef = B51AF2162B2851C90020DD3D /* AttributesEditor.swift */; };
		B51AF21D2B28531C0020DD3D /* RichImagePickerViewModel.swift in Sources */ = {isa = PBXBuildFile; fileRef = B51AF21C2B28531C0020DD3D /* RichImagePickerViewModel.swift */; };
		B5BF1B312B2711BD0085C65A /* CraftPickerApp.swift in Sources */ = {isa = PBXBuildFile; fileRef = B5BF1B302B2711BD0085C65A /* CraftPickerApp.swift */; };
		B5BF1B332B2711BD0085C65A /* ContentView.swift in Sources */ = {isa = PBXBuildFile; fileRef = B5BF1B322B2711BD0085C65A /* ContentView.swift */; };
		B5BF1B352B2711BE0085C65A /* Assets.xcassets in Resources */ = {isa = PBXBuildFile; fileRef = B5BF1B342B2711BE0085C65A /* Assets.xcassets */; };
		B5BF1B392B2711BE0085C65A /* Preview Assets.xcassets in Resources */ = {isa = PBXBuildFile; fileRef = B5BF1B382B2711BE0085C65A /* Preview Assets.xcassets */; };
		B5BF1B402B274B850085C65A /* RichImagePicker.swift in Sources */ = {isa = PBXBuildFile; fileRef = B5BF1B3F2B274B850085C65A /* RichImagePicker.swift */; };
		B5BF1B442B274C670085C65A /* CraftMulti in Frameworks */ = {isa = PBXBuildFile; productRef = B5BF1B432B274C670085C65A /* CraftMulti */; };
		B5BF1B462B274D0C0085C65A /* CameraView.swift in Sources */ = {isa = PBXBuildFile; fileRef = B5BF1B452B274D0C0085C65A /* CameraView.swift */; };
		B5BF1B482B274D640085C65A /* ErrorAlertModifier.swift in Sources */ = {isa = PBXBuildFile; fileRef = B5BF1B472B274D640085C65A /* ErrorAlertModifier.swift */; };
/* End PBXBuildFile section */

/* Begin PBXFileReference section */
		B51AF1FE2B284FCB0020DD3D /* ColorDetails.swift */ = {isa = PBXFileReference; lastKnownFileType = sourcecode.swift; path = ColorDetails.swift; sourceTree = "<group>"; };
		B51AF2002B284FEE0020DD3D /* StylingDefinition.swift */ = {isa = PBXFileReference; lastKnownFileType = sourcecode.swift; path = StylingDefinition.swift; sourceTree = "<group>"; };
		B51AF2022B28501E0020DD3D /* WorkspaceThumbnail.swift */ = {isa = PBXFileReference; lastKnownFileType = sourcecode.swift; path = WorkspaceThumbnail.swift; sourceTree = "<group>"; };
		B51AF2042B28503F0020DD3D /* RichColorView.swift */ = {isa = PBXFileReference; lastKnownFileType = sourcecode.swift; path = RichColorView.swift; sourceTree = "<group>"; };
		B51AF2062B2850870020DD3D /* FancyColorPicker.swift */ = {isa = PBXFileReference; lastKnownFileType = sourcecode.swift; path = FancyColorPicker.swift; sourceTree = "<group>"; };
		B51AF2082B2850B00020DD3D /* Text+Styling.swift */ = {isa = PBXFileReference; lastKnownFileType = sourcecode.swift; path = "Text+Styling.swift"; sourceTree = "<group>"; };
		B51AF20A2B2850BF0020DD3D /* SectionHeader.swift */ = {isa = PBXFileReference; lastKnownFileType = sourcecode.swift; path = SectionHeader.swift; sourceTree = "<group>"; };
		B51AF20C2B2850E90020DD3D /* Color+Common.swift */ = {isa = PBXFileReference; lastKnownFileType = sourcecode.swift; path = "Color+Common.swift"; sourceTree = "<group>"; };
		B51AF20E2B2851150020DD3D /* CraftSegmentedPicker.swift */ = {isa = PBXFileReference; lastKnownFileType = sourcecode.swift; path = CraftSegmentedPicker.swift; sourceTree = "<group>"; };
		B51AF2102B2851390020DD3D /* CraftButtonStyle.swift */ = {isa = PBXFileReference; lastKnownFileType = sourcecode.swift; path = CraftButtonStyle.swift; sourceTree = "<group>"; };
		B51AF2122B28515A0020DD3D /* FontStyle.swift */ = {isa = PBXFileReference; lastKnownFileType = sourcecode.swift; path = FontStyle.swift; sourceTree = "<group>"; };
		B51AF2142B2851760020DD3D /* View+Utils.swift */ = {isa = PBXFileReference; lastKnownFileType = sourcecode.swift; path = "View+Utils.swift"; sourceTree = "<group>"; };
		B51AF2162B2851C90020DD3D /* AttributesEditor.swift */ = {isa = PBXFileReference; lastKnownFileType = sourcecode.swift; path = AttributesEditor.swift; sourceTree = "<group>"; };
		B51AF21C2B28531C0020DD3D /* RichImagePickerViewModel.swift */ = {isa = PBXFileReference; lastKnownFileType = sourcecode.swift; path = RichImagePickerViewModel.swift; sourceTree = "<group>"; };
		B5BF1B2D2B2711BD0085C65A /* CraftPicker.app */ = {isa = PBXFileReference; explicitFileType = wrapper.application; includeInIndex = 0; path = CraftPicker.app; sourceTree = BUILT_PRODUCTS_DIR; };
		B5BF1B302B2711BD0085C65A /* CraftPickerApp.swift */ = {isa = PBXFileReference; lastKnownFileType = sourcecode.swift; path = CraftPickerApp.swift; sourceTree = "<group>"; };
		B5BF1B322B2711BD0085C65A /* ContentView.swift */ = {isa = PBXFileReference; lastKnownFileType = sourcecode.swift; path = ContentView.swift; sourceTree = "<group>"; };
		B5BF1B342B2711BE0085C65A /* Assets.xcassets */ = {isa = PBXFileReference; lastKnownFileType = folder.assetcatalog; path = Assets.xcassets; sourceTree = "<group>"; };
		B5BF1B362B2711BE0085C65A /* CraftPicker.entitlements */ = {isa = PBXFileReference; lastKnownFileType = text.plist.entitlements; path = CraftPicker.entitlements; sourceTree = "<group>"; };
		B5BF1B382B2711BE0085C65A /* Preview Assets.xcassets */ = {isa = PBXFileReference; lastKnownFileType = folder.assetcatalog; path = "Preview Assets.xcassets"; sourceTree = "<group>"; };
		B5BF1B3F2B274B850085C65A /* RichImagePicker.swift */ = {isa = PBXFileReference; lastKnownFileType = sourcecode.swift; path = RichImagePicker.swift; sourceTree = "<group>"; };
		B5BF1B412B274C530085C65A /* CraftMulti */ = {isa = PBXFileReference; lastKnownFileType = wrapper; name = CraftMulti; path = Packages/CraftMulti; sourceTree = "<group>"; };
		B5BF1B452B274D0C0085C65A /* CameraView.swift */ = {isa = PBXFileReference; lastKnownFileType = sourcecode.swift; path = CameraView.swift; sourceTree = "<group>"; };
		B5BF1B472B274D640085C65A /* ErrorAlertModifier.swift */ = {isa = PBXFileReference; lastKnownFileType = sourcecode.swift; path = ErrorAlertModifier.swift; sourceTree = "<group>"; };
/* End PBXFileReference section */

/* Begin PBXFrameworksBuildPhase section */
		B5BF1B2A2B2711BD0085C65A /* Frameworks */ = {
			isa = PBXFrameworksBuildPhase;
			buildActionMask = 2147483647;
			files = (
				B5BF1B442B274C670085C65A /* CraftMulti in Frameworks */,
			);
			runOnlyForDeploymentPostprocessing = 0;
		};
/* End PBXFrameworksBuildPhase section */

/* Begin PBXGroup section */
		B51AF1FD2B284FC50020DD3D /* Types */ = {
			isa = PBXGroup;
			children = (
				B51AF1FE2B284FCB0020DD3D /* ColorDetails.swift */,
				B51AF2122B28515A0020DD3D /* FontStyle.swift */,
				B51AF2002B284FEE0020DD3D /* StylingDefinition.swift */,
			);
			path = Types;
			sourceTree = "<group>";
		};
		B51AF2182B2852060020DD3D /* Views */ = {
			isa = PBXGroup;
			children = (
				B51AF21A2B2852400020DD3D /* Camera */,
				B51AF21B2B2853120020DD3D /* RichImagePicker */,
				B5BF1B322B2711BD0085C65A /* ContentView.swift */,
				B51AF2162B2851C90020DD3D /* AttributesEditor.swift */,
				B51AF20E2B2851150020DD3D /* CraftSegmentedPicker.swift */,
				B51AF20A2B2850BF0020DD3D /* SectionHeader.swift */,
				B51AF2062B2850870020DD3D /* FancyColorPicker.swift */,
				B51AF2042B28503F0020DD3D /* RichColorView.swift */,
				B51AF2022B28501E0020DD3D /* WorkspaceThumbnail.swift */,
			);
			path = Views;
			sourceTree = "<group>";
		};
		B51AF2192B2852230020DD3D /* Utils */ = {
			isa = PBXGroup;
			children = (
				B5BF1B472B274D640085C65A /* ErrorAlertModifier.swift */,
			);
			path = Utils;
			sourceTree = "<group>";
		};
		B51AF21A2B2852400020DD3D /* Camera */ = {
			isa = PBXGroup;
			children = (
				B5BF1B452B274D0C0085C65A /* CameraView.swift */,
			);
			path = Camera;
			sourceTree = "<group>";
		};
		B51AF21B2B2853120020DD3D /* RichImagePicker */ = {
			isa = PBXGroup;
			children = (
				B5BF1B3F2B274B850085C65A /* RichImagePicker.swift */,
				B51AF21C2B28531C0020DD3D /* RichImagePickerViewModel.swift */,
			);
			path = RichImagePicker;
			sourceTree = "<group>";
		};
		B5BF1B242B2711BD0085C65A = {
			isa = PBXGroup;
			children = (
				B5BF1B412B274C530085C65A /* CraftMulti */,
				B5BF1B2F2B2711BD0085C65A /* CraftPicker */,
				B5BF1B2E2B2711BD0085C65A /* Products */,
				B5BF1B422B274C670085C65A /* Frameworks */,
			);
			sourceTree = "<group>";
		};
		B5BF1B2E2B2711BD0085C65A /* Products */ = {
			isa = PBXGroup;
			children = (
				B5BF1B2D2B2711BD0085C65A /* CraftPicker.app */,
			);
			name = Products;
			sourceTree = "<group>";
		};
		B5BF1B2F2B2711BD0085C65A /* CraftPicker */ = {
			isa = PBXGroup;
			children = (
				B5BF1B302B2711BD0085C65A /* CraftPickerApp.swift */,
				B51AF2142B2851760020DD3D /* View+Utils.swift */,
				B51AF2102B2851390020DD3D /* CraftButtonStyle.swift */,
				B51AF20C2B2850E90020DD3D /* Color+Common.swift */,
				B51AF2192B2852230020DD3D /* Utils */,
				B51AF2082B2850B00020DD3D /* Text+Styling.swift */,
				B51AF2182B2852060020DD3D /* Views */,
				B51AF1FD2B284FC50020DD3D /* Types */,
				B5BF1B342B2711BE0085C65A /* Assets.xcassets */,
				B5BF1B362B2711BE0085C65A /* CraftPicker.entitlements */,
				B5BF1B372B2711BE0085C65A /* Preview Content */,
			);
			path = CraftPicker;
			sourceTree = "<group>";
		};
		B5BF1B372B2711BE0085C65A /* Preview Content */ = {
			isa = PBXGroup;
			children = (
				B5BF1B382B2711BE0085C65A /* Preview Assets.xcassets */,
			);
			path = "Preview Content";
			sourceTree = "<group>";
		};
		B5BF1B422B274C670085C65A /* Frameworks */ = {
			isa = PBXGroup;
			children = (
			);
			name = Frameworks;
			sourceTree = "<group>";
		};
/* End PBXGroup section */

/* Begin PBXNativeTarget section */
		B5BF1B2C2B2711BD0085C65A /* CraftPicker */ = {
			isa = PBXNativeTarget;
			buildConfigurationList = B5BF1B3C2B2711BE0085C65A /* Build configuration list for PBXNativeTarget "CraftPicker" */;
			buildPhases = (
				B5BF1B292B2711BD0085C65A /* Sources */,
				B5BF1B2A2B2711BD0085C65A /* Frameworks */,
				B5BF1B2B2B2711BD0085C65A /* Resources */,
			);
			buildRules = (
			);
			dependencies = (
			);
			name = CraftPicker;
			packageProductDependencies = (
				B5BF1B432B274C670085C65A /* CraftMulti */,
			);
			productName = CraftPicker;
			productReference = B5BF1B2D2B2711BD0085C65A /* CraftPicker.app */;
			productType = "com.apple.product-type.application";
		};
/* End PBXNativeTarget section */

/* Begin PBXProject section */
		B5BF1B252B2711BD0085C65A /* Project object */ = {
			isa = PBXProject;
			attributes = {
				BuildIndependentTargetsInParallel = 1;
				LastSwiftUpdateCheck = 1500;
				LastUpgradeCheck = 1500;
				TargetAttributes = {
					B5BF1B2C2B2711BD0085C65A = {
						CreatedOnToolsVersion = 15.0.1;
					};
				};
			};
			buildConfigurationList = B5BF1B282B2711BD0085C65A /* Build configuration list for PBXProject "CraftPicker" */;
			compatibilityVersion = "Xcode 14.0";
			developmentRegion = en;
			hasScannedForEncodings = 0;
			knownRegions = (
				en,
				Base,
			);
			mainGroup = B5BF1B242B2711BD0085C65A;
			productRefGroup = B5BF1B2E2B2711BD0085C65A /* Products */;
			projectDirPath = "";
			projectRoot = "";
			targets = (
				B5BF1B2C2B2711BD0085C65A /* CraftPicker */,
			);
		};
/* End PBXProject section */

/* Begin PBXResourcesBuildPhase section */
		B5BF1B2B2B2711BD0085C65A /* Resources */ = {
			isa = PBXResourcesBuildPhase;
			buildActionMask = 2147483647;
			files = (
				B5BF1B392B2711BE0085C65A /* Preview Assets.xcassets in Resources */,
				B5BF1B352B2711BE0085C65A /* Assets.xcassets in Resources */,
			);
			runOnlyForDeploymentPostprocessing = 0;
		};
/* End PBXResourcesBuildPhase section */

/* Begin PBXSourcesBuildPhase section */
		B5BF1B292B2711BD0085C65A /* Sources */ = {
			isa = PBXSourcesBuildPhase;
			buildActionMask = 2147483647;
			files = (
				B5BF1B402B274B850085C65A /* RichImagePicker.swift in Sources */,
				B51AF2172B2851C90020DD3D /* AttributesEditor.swift in Sources */,
				B51AF2152B2851760020DD3D /* View+Utils.swift in Sources */,
				B51AF2092B2850B00020DD3D /* Text+Styling.swift in Sources */,
				B51AF2132B28515A0020DD3D /* FontStyle.swift in Sources */,
				B5BF1B332B2711BD0085C65A /* ContentView.swift in Sources */,
				B51AF2052B28503F0020DD3D /* RichColorView.swift in Sources */,
				B51AF2112B2851390020DD3D /* CraftButtonStyle.swift in Sources */,
				B51AF20D2B2850E90020DD3D /* Color+Common.swift in Sources */,
				B51AF21D2B28531C0020DD3D /* RichImagePickerViewModel.swift in Sources */,
				B5BF1B312B2711BD0085C65A /* CraftPickerApp.swift in Sources */,
				B51AF2012B284FEE0020DD3D /* StylingDefinition.swift in Sources */,
				B5BF1B482B274D640085C65A /* ErrorAlertModifier.swift in Sources */,
				B51AF1FF2B284FCB0020DD3D /* ColorDetails.swift in Sources */,
				B51AF20B2B2850BF0020DD3D /* SectionHeader.swift in Sources */,
				B51AF2072B2850870020DD3D /* FancyColorPicker.swift in Sources */,
				B51AF20F2B2851150020DD3D /* CraftSegmentedPicker.swift in Sources */,
				B51AF2032B28501E0020DD3D /* WorkspaceThumbnail.swift in Sources */,
				B5BF1B462B274D0C0085C65A /* CameraView.swift in Sources */,
			);
			runOnlyForDeploymentPostprocessing = 0;
		};
/* End PBXSourcesBuildPhase section */

/* Begin XCBuildConfiguration section */
		B5BF1B3A2B2711BE0085C65A /* Debug */ = {
			isa = XCBuildConfiguration;
			buildSettings = {
				ALWAYS_SEARCH_USER_PATHS = NO;
				ASSETCATALOG_COMPILER_GENERATE_SWIFT_ASSET_SYMBOL_EXTENSIONS = YES;
				CLANG_ANALYZER_NONNULL = YES;
				CLANG_ANALYZER_NUMBER_OBJECT_CONVERSION = YES_AGGRESSIVE;
				CLANG_CXX_LANGUAGE_STANDARD = "gnu++20";
				CLANG_ENABLE_MODULES = YES;
				CLANG_ENABLE_OBJC_ARC = YES;
				CLANG_ENABLE_OBJC_WEAK = YES;
				CLANG_WARN_BLOCK_CAPTURE_AUTORELEASING = YES;
				CLANG_WARN_BOOL_CONVERSION = YES;
				CLANG_WARN_COMMA = YES;
				CLANG_WARN_CONSTANT_CONVERSION = YES;
				CLANG_WARN_DEPRECATED_OBJC_IMPLEMENTATIONS = YES;
				CLANG_WARN_DIRECT_OBJC_ISA_USAGE = YES_ERROR;
				CLANG_WARN_DOCUMENTATION_COMMENTS = YES;
				CLANG_WARN_EMPTY_BODY = YES;
				CLANG_WARN_ENUM_CONVERSION = YES;
				CLANG_WARN_INFINITE_RECURSION = YES;
				CLANG_WARN_INT_CONVERSION = YES;
				CLANG_WARN_NON_LITERAL_NULL_CONVERSION = YES;
				CLANG_WARN_OBJC_IMPLICIT_RETAIN_SELF = YES;
				CLANG_WARN_OBJC_LITERAL_CONVERSION = YES;
				CLANG_WARN_OBJC_ROOT_CLASS = YES_ERROR;
				CLANG_WARN_QUOTED_INCLUDE_IN_FRAMEWORK_HEADER = YES;
				CLANG_WARN_RANGE_LOOP_ANALYSIS = YES;
				CLANG_WARN_STRICT_PROTOTYPES = YES;
				CLANG_WARN_SUSPICIOUS_MOVE = YES;
				CLANG_WARN_UNGUARDED_AVAILABILITY = YES_AGGRESSIVE;
				CLANG_WARN_UNREACHABLE_CODE = YES;
				CLANG_WARN__DUPLICATE_METHOD_MATCH = YES;
				COPY_PHASE_STRIP = NO;
				DEBUG_INFORMATION_FORMAT = dwarf;
				ENABLE_STRICT_OBJC_MSGSEND = YES;
				ENABLE_TESTABILITY = YES;
				ENABLE_USER_SCRIPT_SANDBOXING = YES;
				GCC_C_LANGUAGE_STANDARD = gnu17;
				GCC_DYNAMIC_NO_PIC = NO;
				GCC_NO_COMMON_BLOCKS = YES;
				GCC_OPTIMIZATION_LEVEL = 0;
				GCC_PREPROCESSOR_DEFINITIONS = (
					"DEBUG=1",
					"$(inherited)",
				);
				GCC_WARN_64_TO_32_BIT_CONVERSION = YES;
				GCC_WARN_ABOUT_RETURN_TYPE = YES_ERROR;
				GCC_WARN_UNDECLARED_SELECTOR = YES;
				GCC_WARN_UNINITIALIZED_AUTOS = YES_AGGRESSIVE;
				GCC_WARN_UNUSED_FUNCTION = YES;
				GCC_WARN_UNUSED_VARIABLE = YES;
				LOCALIZATION_PREFERS_STRING_CATALOGS = YES;
				MTL_ENABLE_DEBUG_INFO = INCLUDE_SOURCE;
				MTL_FAST_MATH = YES;
				ONLY_ACTIVE_ARCH = YES;
				SWIFT_ACTIVE_COMPILATION_CONDITIONS = "DEBUG $(inherited)";
				SWIFT_OPTIMIZATION_LEVEL = "-Onone";
			};
			name = Debug;
		};
		B5BF1B3B2B2711BE0085C65A /* Release */ = {
			isa = XCBuildConfiguration;
			buildSettings = {
				ALWAYS_SEARCH_USER_PATHS = NO;
				ASSETCATALOG_COMPILER_GENERATE_SWIFT_ASSET_SYMBOL_EXTENSIONS = YES;
				CLANG_ANALYZER_NONNULL = YES;
				CLANG_ANALYZER_NUMBER_OBJECT_CONVERSION = YES_AGGRESSIVE;
				CLANG_CXX_LANGUAGE_STANDARD = "gnu++20";
				CLANG_ENABLE_MODULES = YES;
				CLANG_ENABLE_OBJC_ARC = YES;
				CLANG_ENABLE_OBJC_WEAK = YES;
				CLANG_WARN_BLOCK_CAPTURE_AUTORELEASING = YES;
				CLANG_WARN_BOOL_CONVERSION = YES;
				CLANG_WARN_COMMA = YES;
				CLANG_WARN_CONSTANT_CONVERSION = YES;
				CLANG_WARN_DEPRECATED_OBJC_IMPLEMENTATIONS = YES;
				CLANG_WARN_DIRECT_OBJC_ISA_USAGE = YES_ERROR;
				CLANG_WARN_DOCUMENTATION_COMMENTS = YES;
				CLANG_WARN_EMPTY_BODY = YES;
				CLANG_WARN_ENUM_CONVERSION = YES;
				CLANG_WARN_INFINITE_RECURSION = YES;
				CLANG_WARN_INT_CONVERSION = YES;
				CLANG_WARN_NON_LITERAL_NULL_CONVERSION = YES;
				CLANG_WARN_OBJC_IMPLICIT_RETAIN_SELF = YES;
				CLANG_WARN_OBJC_LITERAL_CONVERSION = YES;
				CLANG_WARN_OBJC_ROOT_CLASS = YES_ERROR;
				CLANG_WARN_QUOTED_INCLUDE_IN_FRAMEWORK_HEADER = YES;
				CLANG_WARN_RANGE_LOOP_ANALYSIS = YES;
				CLANG_WARN_STRICT_PROTOTYPES = YES;
				CLANG_WARN_SUSPICIOUS_MOVE = YES;
				CLANG_WARN_UNGUARDED_AVAILABILITY = YES_AGGRESSIVE;
				CLANG_WARN_UNREACHABLE_CODE = YES;
				CLANG_WARN__DUPLICATE_METHOD_MATCH = YES;
				COPY_PHASE_STRIP = NO;
				DEBUG_INFORMATION_FORMAT = "dwarf-with-dsym";
				ENABLE_NS_ASSERTIONS = NO;
				ENABLE_STRICT_OBJC_MSGSEND = YES;
				ENABLE_USER_SCRIPT_SANDBOXING = YES;
				GCC_C_LANGUAGE_STANDARD = gnu17;
				GCC_NO_COMMON_BLOCKS = YES;
				GCC_WARN_64_TO_32_BIT_CONVERSION = YES;
				GCC_WARN_ABOUT_RETURN_TYPE = YES_ERROR;
				GCC_WARN_UNDECLARED_SELECTOR = YES;
				GCC_WARN_UNINITIALIZED_AUTOS = YES_AGGRESSIVE;
				GCC_WARN_UNUSED_FUNCTION = YES;
				GCC_WARN_UNUSED_VARIABLE = YES;
				LOCALIZATION_PREFERS_STRING_CATALOGS = YES;
				MTL_ENABLE_DEBUG_INFO = NO;
				MTL_FAST_MATH = YES;
				SWIFT_COMPILATION_MODE = wholemodule;
			};
			name = Release;
		};
		B5BF1B3D2B2711BE0085C65A /* Debug */ = {
			isa = XCBuildConfiguration;
			buildSettings = {
				ASSETCATALOG_COMPILER_APPICON_NAME = AppIcon;
				ASSETCATALOG_COMPILER_GLOBAL_ACCENT_COLOR_NAME = AccentColor;
				CODE_SIGN_ENTITLEMENTS = CraftPicker/CraftPicker.entitlements;
				CODE_SIGN_STYLE = Automatic;
				CURRENT_PROJECT_VERSION = 1;
				DEVELOPMENT_ASSET_PATHS = "\"CraftPicker/Preview Content\"";
				DEVELOPMENT_TEAM = GZQR77PSA6;
				ENABLE_HARDENED_RUNTIME = YES;
				ENABLE_PREVIEWS = YES;
				GENERATE_INFOPLIST_FILE = YES;
				INFOPLIST_KEY_NSCameraUsageDescription = "Take photo for your workspace";
				"INFOPLIST_KEY_UIApplicationSceneManifest_Generation[sdk=iphoneos*]" = YES;
				"INFOPLIST_KEY_UIApplicationSceneManifest_Generation[sdk=iphonesimulator*]" = YES;
				"INFOPLIST_KEY_UIApplicationSupportsIndirectInputEvents[sdk=iphoneos*]" = YES;
				"INFOPLIST_KEY_UIApplicationSupportsIndirectInputEvents[sdk=iphonesimulator*]" = YES;
				"INFOPLIST_KEY_UILaunchScreen_Generation[sdk=iphoneos*]" = YES;
				"INFOPLIST_KEY_UILaunchScreen_Generation[sdk=iphonesimulator*]" = YES;
				"INFOPLIST_KEY_UIStatusBarStyle[sdk=iphoneos*]" = UIStatusBarStyleDefault;
				"INFOPLIST_KEY_UIStatusBarStyle[sdk=iphonesimulator*]" = UIStatusBarStyleDefault;
				INFOPLIST_KEY_UISupportedInterfaceOrientations = UIInterfaceOrientationPortrait;
				INFOPLIST_KEY_UISupportedInterfaceOrientations_iPad = "UIInterfaceOrientationLandscapeLeft UIInterfaceOrientationLandscapeRight UIInterfaceOrientationPortrait UIInterfaceOrientationPortraitUpsideDown";
				IPHONEOS_DEPLOYMENT_TARGET = 17.0;
				LD_RUNPATH_SEARCH_PATHS = "@executable_path/Frameworks";
				"LD_RUNPATH_SEARCH_PATHS[sdk=macosx*]" = "@executable_path/../Frameworks";
				MACOSX_DEPLOYMENT_TARGET = 14.0;
				MARKETING_VERSION = 1.0;
				PRODUCT_BUNDLE_IDENTIFIER = com.craft.CraftPicker;
				PRODUCT_NAME = "$(TARGET_NAME)";
				SDKROOT = auto;
				SUPPORTED_PLATFORMS = "iphoneos iphonesimulator macosx";
				SWIFT_EMIT_LOC_STRINGS = YES;
				SWIFT_VERSION = 5.0;
				TARGETED_DEVICE_FAMILY = "1,2";
			};
			name = Debug;
		};
		B5BF1B3E2B2711BE0085C65A /* Release */ = {
			isa = XCBuildConfiguration;
			buildSettings = {
				ASSETCATALOG_COMPILER_APPICON_NAME = AppIcon;
				ASSETCATALOG_COMPILER_GLOBAL_ACCENT_COLOR_NAME = AccentColor;
				CODE_SIGN_ENTITLEMENTS = CraftPicker/CraftPicker.entitlements;
				CODE_SIGN_STYLE = Automatic;
				CURRENT_PROJECT_VERSION = 1;
				DEVELOPMENT_ASSET_PATHS = "\"CraftPicker/Preview Content\"";
				DEVELOPMENT_TEAM = GZQR77PSA6;
				ENABLE_HARDENED_RUNTIME = YES;
				ENABLE_PREVIEWS = YES;
				GENERATE_INFOPLIST_FILE = YES;
				INFOPLIST_KEY_NSCameraUsageDescription = "Take photo for your workspace";
				"INFOPLIST_KEY_UIApplicationSceneManifest_Generation[sdk=iphoneos*]" = YES;
				"INFOPLIST_KEY_UIApplicationSceneManifest_Generation[sdk=iphonesimulator*]" = YES;
				"INFOPLIST_KEY_UIApplicationSupportsIndirectInputEvents[sdk=iphoneos*]" = YES;
				"INFOPLIST_KEY_UIApplicationSupportsIndirectInputEvents[sdk=iphonesimulator*]" = YES;
				"INFOPLIST_KEY_UILaunchScreen_Generation[sdk=iphoneos*]" = YES;
				"INFOPLIST_KEY_UILaunchScreen_Generation[sdk=iphonesimulator*]" = YES;
				"INFOPLIST_KEY_UIStatusBarStyle[sdk=iphoneos*]" = UIStatusBarStyleDefault;
				"INFOPLIST_KEY_UIStatusBarStyle[sdk=iphonesimulator*]" = UIStatusBarStyleDefault;
				INFOPLIST_KEY_UISupportedInterfaceOrientations = UIInterfaceOrientationPortrait;
				INFOPLIST_KEY_UISupportedInterfaceOrientations_iPad = "UIInterfaceOrientationLandscapeLeft UIInterfaceOrientationLandscapeRight UIInterfaceOrientationPortrait UIInterfaceOrientationPortraitUpsideDown";
				IPHONEOS_DEPLOYMENT_TARGET = 17.0;
				LD_RUNPATH_SEARCH_PATHS = "@executable_path/Frameworks";
				"LD_RUNPATH_SEARCH_PATHS[sdk=macosx*]" = "@executable_path/../Frameworks";
				MACOSX_DEPLOYMENT_TARGET = 14.0;
				MARKETING_VERSION = 1.0;
				PRODUCT_BUNDLE_IDENTIFIER = com.craft.CraftPicker;
				PRODUCT_NAME = "$(TARGET_NAME)";
				SDKROOT = auto;
				SUPPORTED_PLATFORMS = "iphoneos iphonesimulator macosx";
				SWIFT_EMIT_LOC_STRINGS = YES;
				SWIFT_VERSION = 5.0;
				TARGETED_DEVICE_FAMILY = "1,2";
			};
			name = Release;
		};
/* End XCBuildConfiguration section */

/* Begin XCConfigurationList section */
		B5BF1B282B2711BD0085C65A /* Build configuration list for PBXProject "CraftPicker" */ = {
			isa = XCConfigurationList;
			buildConfigurations = (
				B5BF1B3A2B2711BE0085C65A /* Debug */,
				B5BF1B3B2B2711BE0085C65A /* Release */,
			);
			defaultConfigurationIsVisible = 0;
			defaultConfigurationName = Release;
		};
		B5BF1B3C2B2711BE0085C65A /* Build configuration list for PBXNativeTarget "CraftPicker" */ = {
			isa = XCConfigurationList;
			buildConfigurations = (
				B5BF1B3D2B2711BE0085C65A /* Debug */,
				B5BF1B3E2B2711BE0085C65A /* Release */,
			);
			defaultConfigurationIsVisible = 0;
			defaultConfigurationName = Release;
		};
/* End XCConfigurationList section */

/* Begin XCSwiftPackageProductDependency section */
		B5BF1B432B274C670085C65A /* CraftMulti */ = {
			isa = XCSwiftPackageProductDependency;
			productName = CraftMulti;
		};
/* End XCSwiftPackageProductDependency section */
	};
	rootObject = B5BF1B252B2711BD0085C65A /* Project object */;
}
